{
    "_meta": {
        "hash": {
            "sha256": "1807bb1d08f1e66c4757d8ba44fd324285f756ce5baf5577c6e2540a1e101073"
        },
        "pipfile-spec": 6,
        "requires": {
            "python_version": "3.7"
        },
        "sources": [
            {
                "name": "pypi",
                "url": "https://pypi.org/simple",
                "verify_ssl": false
            }
        ]
    },
    "default": {
        "avro-python3": {
            "hashes": [
                "sha256:ca1e77a3da5ac98e8833588f71fb2e170b38e34787ee0e04920de0e9470b7d32"
            ],
            "version": "==1.9.2.1"
        },
        "certifi": {
            "hashes": [
                "sha256:1a4995114262bffbc2413b159f2a1a480c969de6e6eb13ee966d470af86af59c",
                "sha256:719a74fb9e33b9bd44cc7f3a8d94bc35e4049deebe19ba7d8e108280cfd59830"
            ],
            "version": "==2020.12.5"
        },
        "chardet": {
            "hashes": [
                "sha256:0d6f53a15db4120f2b08c94f11e7d93d2c911ee118b6b30a04ec3ee8310179fa",
                "sha256:f864054d66fd9118f2e67044ac8981a54775ec5b67aed0441892edb553d21da5"
            ],
            "version": "==4.0.0"
        },
        "confluent-kafka": {
            "extras": [
                "avro"
            ],
            "hashes": [
                "sha256:11b9d863b5f8e4da24e0497dc527d0bc170f78e5e15b85f4e170946dd6e86247",
                "sha256:138eb1eb80a26eabbc00acf9d23d049132d2dbe262601ecd5d17c9078ce399e7",
                "sha256:240be96c88f09ea1b0767875db1b0b4a1f8dd7b68bb7e89fcf6dbab53fd7a620",
                "sha256:39a354e727d198fb0f644530d33867199d53e7e25384cf6518147897c46404ff",
                "sha256:39b6d05ec01ce98be583b890b2a80c23e3d752773f108f60b39fa6d8d54cfbca",
                "sha256:3f067b85ebc11f2f72367bd129e746ad32737f24cdd25cedf5780a643d36295b",
                "sha256:403cdca6bda6af5d32f66c4b8920b098c8912b3b703d4500fc15c375368aae22",
                "sha256:4bb577bb8ccb921857fda601b4282936d696f29ea825fafea237bb76b2f5707e",
                "sha256:4ec0fc40eea26d21586e09eea9046efc3f24df78911b14decf36f613568bfa7e",
                "sha256:54b101bfe4b073712cd2d4523ecda56138eb3737f4825dcf3575bb9183334774",
                "sha256:57f7a2570587fef85ef0a97c11f05ef2e9e9929fd752351974b75e2c8c65e585",
                "sha256:598ebb288d708d62d087b1736b51e98a6f5fa799db8da9f826197ee0744dfc70",
                "sha256:5bc72cafd9a857618b3ef1f851bc3c9e023182cd74ec3a711d0f335f31ae1803",
                "sha256:6e99142b37ea58274f42ddd40ecea46520d14cd40689e03ed2dfedb2863c127e",
                "sha256:74c68a1c6c63eaf4056e55b5162e9f56f26fbd872571660ab629195c63b92198",
                "sha256:79ec9c47ff2f76d5fcac9345b61d2e2cb6a659c96ac74cf0f78e424b06755822",
                "sha256:80ee541bf779a8bf38dee7b2014350459df527ed98cf68d1777f30e18d307d1e",
                "sha256:9b2493f898e044dcd222ef64ea8594352c2e229f6d150e6640d9aea15d206aef",
                "sha256:9fcf8f2952c265edfa11556add670d7f24f58a835a8d245d4b5bf9747adc1913",
                "sha256:a35e997cbaba4d28816b1d83255a65796faffbc39b00f414f8b9eb1c9d967a0f",
                "sha256:c58cf16770fb7fa2defab727c57a4cd4f03e083f6e7d7a4494c7bd42ed15ab37",
                "sha256:cc28538c6e8af7a75adaa68e1f5905ba60a7b24f2bcc239e0d4dc07dcfd72889",
                "sha256:d454a17697dafe422934fc917e5e905ebd4fb5c682d5bcffc261167748da6ffe",
                "sha256:f5b3e323714ecd824690c85cf8b06fcca47f7f2cdfe636184d8df23ae0e1f31a",
                "sha256:f8a505d22186f416cc8e4d6c7bbca862e961352d0fef2de870bfc841e071c072",
                "sha256:fe3617035bad6360bf50b52d140c904a772512fae95f12f769b4a8923a2f2e68"
            ],
            "index": "pypi",
            "version": "==1.4.0"
        },
        "dacite": {
            "hashes": [
                "sha256:6a871c818d53e7298135fda7856fdc871239d5dce0b8395427a46ff8e896aada",
                "sha256:ee76047e035260d1bebcd5d9fe81a8341aafe6137bac08883c4be12d1719b049"
            ],
            "index": "pypi",
            "version": "==1.4.0"
        },
        "dataclasses-avroschema": {
            "hashes": [
                "sha256:95002918e57a8c3ccf0ab95f6b2cb9d406d31b2c3457525a84d8852f334687fb"
            ],
            "index": "pypi",
            "version": "==0.10.0"
        },
        "fastavro": {
            "hashes": [
                "sha256:02406252b9c18b0a152d1536b4cbed8766192427da6e5e4eb9eb3d5e1fc96725",
                "sha256:065d83f35e179654f1dd5a804d457753745b865cd2698a56bbc7fa33750ce908",
                "sha256:11ca52083cc79b1a3e7e9fbb2b84b810fe63bfe65c783ccb261081c2fcc28e34",
                "sha256:3d9529bdfabfa38673768df1dd3146050a4c4e51924908f8a434ab61edea4067",
                "sha256:43408a5b7db951fd4dd293d7253c308e8cec78f5f126dfe756b20e4fe5a5a47a",
                "sha256:48704347fb1b81fe2234f89583d3611500eb0b336712dd3ba053389c0a8d0584",
                "sha256:4c0c2ed0c218d3e8737bd04d6cac2a3c1afd11090d3ac3a45fbaafd73cfe2cd7",
                "sha256:4fe9583e772cef1656bab4d7ee27a306a317f3f4fdf4cc45f2add0d919d20f8b",
                "sha256:86ed5ed392bfefa822608c1c08fc17eea702e0287c268e922b45f850df6d7435",
                "sha256:92ea0aa736d7a3c4ace86ca0971ceaecdac771fb3fc9b311cd24a1a20a8ab7a3",
                "sha256:bd53092758f162080462d1dc170a25974204c0b31aba200798ed95f1429ca8aa",
                "sha256:e22f9a41949d5d330db4c959fb3bc0bbe226eefc3ed05d08d52b133b735ca5d0",
                "sha256:e9d8277ee9972aeabaa72acfae262b1b310cee5a4d29a3347177661592733b9d",
                "sha256:fedcc1f1449825365d327714a65501171af6e40bd371356049218ca47deb7464"
            ],
            "version": "==1.3.4"
        },
        "idna": {
            "hashes": [
                "sha256:b307872f855b18632ce0c21c5e45be78c0ea7ae4c15c828c20788b26921eb3f6",
                "sha256:b97d804b1e9b523befed77c48dacec60e6dcb0b5391d57af6a65a312a90648c0"
            ],
            "version": "==2.10"
        },
        "inflect": {
            "hashes": [
                "sha256:4ded1b2a6fcf0fc0397419c7727f131a93b67b80d899f2973be7758628e12b73",
                "sha256:a82b671b043ddba98ea8b2cf000b31e8b41e9197b3151567239f3bbe215dab7e"
            ],
            "version": "==2.1.0"
        },
        "pyaml": {
            "hashes": [
                "sha256:29a5c2a68660a799103d6949167bd6c7953d031449d08802386372de1db6ad71",
                "sha256:67081749a82b72c45e5f7f812ee3a14a03b3f5c25ff36ec3b290514f8c4c4b99"
            ],
            "index": "pypi",
            "version": "==20.4.0"
        },
        "pyyaml": {
            "hashes": [
                "sha256:02c78d77281d8f8d07a255e57abdbf43b02257f59f50cc6b636937d68efa5dd0",
                "sha256:0dc9f2eb2e3c97640928dec63fd8dc1dd91e6b6ed236bd5ac00332b99b5c2ff9",
                "sha256:124fd7c7bc1e95b1eafc60825f2daf67c73ce7b33f1194731240d24b0d1bf628",
                "sha256:26fcb33776857f4072601502d93e1a619f166c9c00befb52826e7b774efaa9db",
                "sha256:31ba07c54ef4a897758563e3a0fcc60077698df10180abe4b8165d9895c00ebf",
                "sha256:3c49e39ac034fd64fd576d63bb4db53cda89b362768a67f07749d55f128ac18a",
                "sha256:52bf0930903818e600ae6c2901f748bc4869c0c406056f679ab9614e5d21a166",
                "sha256:5a3f345acff76cad4aa9cb171ee76c590f37394186325d53d1aa25318b0d4a09",
                "sha256:5e7ac4e0e79a53451dc2814f6876c2fa6f71452de1498bbe29c0b54b69a986f4",
                "sha256:7242790ab6c20316b8e7bb545be48d7ed36e26bbe279fd56f2c4a12510e60b4b",
                "sha256:737bd70e454a284d456aa1fa71a0b429dd527bcbf52c5c33f7c8eee81ac16b89",
                "sha256:8635d53223b1f561b081ff4adecb828fd484b8efffe542edcfdff471997f7c39",
                "sha256:8b818b6c5a920cbe4203b5a6b14256f0e5244338244560da89b7b0f1313ea4b6",
                "sha256:8bf38641b4713d77da19e91f8b5296b832e4db87338d6aeffe422d42f1ca896d",
                "sha256:a36a48a51e5471513a5aea920cdad84cbd56d70a5057cca3499a637496ea379c",
                "sha256:b2243dd033fd02c01212ad5c601dafb44fbb293065f430b0d3dbf03f3254d615",
                "sha256:cc547d3ead3754712223abb7b403f0a184e4c3eae18c9bb7fd15adef1597cc4b",
                "sha256:cc552b6434b90d9dbed6a4f13339625dc466fd82597119897e9489c953acbc22",
                "sha256:f3790156c606299ff499ec44db422f66f05a7363b39eb9d5b064f17bd7d7c47b",
                "sha256:f7a21e3d99aa3095ef0553e7ceba36fb693998fbb1226f1392ce33681047465f",
                "sha256:fdc6b2cb4b19e431994f25a9160695cc59a4e861710cc6fc97161c5e845fc579"
            ],
            "index": "pypi",
            "version": "==5.4"
        },
        "requests": {
            "hashes": [
                "sha256:27973dd4a904a4f13b263a19c866c13b92a39ed1c964655f025f3f8d3d75b804",
                "sha256:c210084e36a42ae6b9219e00e48287def368a26d03a048ddad7bfee44f75871e"
            ],
            "version": "==2.25.1"
        },
        "urllib3": {
            "hashes": [
                "sha256:2f4da4594db7e1e110a944bb1b551fdf4e6c136ad42e4234131391e21eb5b0df",
                "sha256:e7b021f7241115872f92f43c6508082facffbd1c048e3c6e2bb9c2a157e28937"
            ],
            "version": "==1.26.4"
        }
    },
    "develop": {
        "appdirs": {
            "hashes": [
                "sha256:7d5d0167b2b1ba821647616af46a749d1c653740dd0d2415100fe26e27afdf41",
                "sha256:a841dacd6b99318a741b166adb07e19ee71a274450e68237b4650ca1055ab128"
            ],
            "version": "==1.4.4"
        },
        "attrs": {
            "hashes": [
                "sha256:31b2eced602aa8423c2aea9c76a724617ed67cf9513173fd3a4f03e3a929c7e6",
                "sha256:832aa3cde19744e49938b91fea06d69ecb9e649c93ba974535d08ad92164f700"
            ],
            "version": "==20.3.0"
        },
        "distlib": {
            "hashes": [
                "sha256:8c09de2c67b3e7deef7184574fc060ab8a793e7adbb183d942c389c8b13c52fb",
                "sha256:edf6116872c863e1aa9d5bb7cb5e05a022c519a4594dc703843343a9ddd9bff1"
            ],
            "version": "==0.3.1"
        },
        "filelock": {
            "hashes": [
                "sha256:18d82244ee114f543149c66a6e0c14e9c4f8a1044b5cdaadd0f82159d6a6ff59",
                "sha256:929b7d63ec5b7d6b71b0fa5ac14e030b3f70b75747cef1b10da9b879fef15836"
            ],
            "version": "==3.0.12"
        },
        "importlib-metadata": {
            "hashes": [
                "sha256:90bb658cdbbf6d1735b6341ce708fc7024a3e14e99ffdc5783edea9f9b077f83",
                "sha256:dc15b2969b4ce36305c51eebe62d418ac7791e9a157911d58bfb1f9ccd8e2070"
            ],
            "markers": "python_version < '3.8'",
            "version": "==1.7.0"
        },
        "more-itertools": {
            "hashes": [
                "sha256:5652a9ac72209ed7df8d9c15daf4e1aa0e3d2ccd3c87f8265a0673cd9cbc9ced",
                "sha256:c5d6da9ca3ff65220c3bfd2a8db06d698f05d4d2b9be57e1deb2be5a45019713"
            ],
            "version": "==8.7.0"
        },
        "packaging": {
            "hashes": [
                "sha256:5b327ac1320dc863dca72f4514ecc086f31186744b84a230374cc1fd776feae5",
                "sha256:67714da7f7bc052e064859c05c595155bd1ee9f69f76557e21f051443c20947a"
            ],
            "version": "==20.9"
        },
        "pluggy": {
            "hashes": [
                "sha256:15b2acde666561e1298d71b523007ed7364de07029219b604cf808bfa1c765b0",
                "sha256:966c145cd83c96502c3c3868f50408687b38434af77734af1e9ca461a4081d2d"
            ],
            "version": "==0.13.1"
        },
        "py": {
            "hashes": [
                "sha256:21b81bda15b66ef5e1a777a21c4dcd9c20ad3efd0b3f817e7a809035269e1bd3",
                "sha256:3b80836aa6d1feeaa108e046da6423ab8f6ceda6468545ae8d02d9d58d18818a"
            ],
            "version": "==1.10.0"
        },
        "pyparsing": {
            "hashes": [
                "sha256:c203ec8783bf771a155b207279b9bccb8dea02d8f0c9e5f8ead507bc3246ecc1",
                "sha256:ef9d7589ef3c200abe66653d3f1ab1033c3c419ae9b9bdb1240a85b024efc88b"
            ],
            "version": "==2.4.7"
        },
        "pytest": {
            "hashes": [
                "sha256:0e5b30f5cb04e887b91b1ee519fa3d89049595f428c1db76e73bd7f17b09b172",
                "sha256:84dde37075b8805f3d1f392cc47e38a0e59518fb46a431cfdaf7cf1ce805f970"
            ],
            "index": "pypi",
            "version": "==5.4.1"
        },
        "six": {
            "hashes": [
                "sha256:30639c035cdb23534cd4aa2dd52c3bf48f06e5f4a941509c8bafd8ce11080259",
                "sha256:8b74bedcbbbaca38ff6d7491d76f2b06b3592611af620f8426e82dddb04a5ced"
            ],
            "version": "==1.15.0"
        },
        "toml": {
            "hashes": [
                "sha256:806143ae5bfb6a3c6e736a764057db0e6a0e05e338b5630894a5f779cabb4f9b",
                "sha256:b3bda1d108d5dd99f4a20d24d9c348e91c4db7ab1b749200bded2f839ccbe68f"
            ],
            "version": "==0.10.2"
        },
        "tox": {
            "hashes": [
                "sha256:a4a6689045d93c208d77230853b28058b7513f5123647b67bf012f82fa168303",
                "sha256:b2c4b91c975ea5c11463d9ca00bebf82654439c5df0f614807b9bdec62cc9471"
            ],
            "index": "pypi",
            "version": "==3.14.6"
        },
        "virtualenv": {
            "hashes": [
                "sha256:49ec4eb4c224c6f7dd81bb6d0a28a09ecae5894f4e593c89b0db0885f565a107",
                "sha256:83f95875d382c7abafe06bd2a4cdd1b363e1bb77e02f155ebe8ac082a916b37c"
            ],
            "version": "==20.4.3"
        },
        "wcwidth": {
            "hashes": [
                "sha256:beb4802a9cebb9144e99086eff703a642a13d6a0052920003a230f3294bbe784",
                "sha256:c4d647b99872929fdb7bdcaa4fbe7f01413ed3d98077df798530e5b04f116c83"
            ],
            "version": "==0.2.5"
        },
        "zipp": {
            "hashes": [
                "sha256:3607921face881ba3e026887d8150cca609d517579abe052ac81fc5aeffdbd76",
                "sha256:51cb66cc54621609dd593d1787f286ee42a5c0adbb4b29abea5a63edc3e03098"
            ],
            "version": "==3.4.1"
        }
    }
}
