{
    "_meta": {
        "hash": {
            "sha256": "1807bb1d08f1e66c4757d8ba44fd324285f756ce5baf5577c6e2540a1e101073"
        },
        "pipfile-spec": 6,
        "requires": {
            "python_version": "3.7"
        },
        "sources": [
            {
                "name": "pypi",
                "url": "https://pypi.org/simple",
                "verify_ssl": false
            }
        ]
    },
    "default": {
        "avro-python3": {
            "hashes": [
                "sha256:ca1e77a3da5ac98e8833588f71fb2e170b38e34787ee0e04920de0e9470b7d32"
            ],
            "version": "==1.9.2.1"
        },
        "certifi": {
            "hashes": [
                "sha256:2bbf76fd432960138b3ef6dda3dde0544f27cbf8546c458e60baf371917ba9ee",
                "sha256:50b1e4f8446b06f41be7dd6338db18e0990601dce795c2b1686458aa7e8fa7d8"
            ],
            "version": "==2021.5.30"
        },
        "chardet": {
            "hashes": [
                "sha256:0d6f53a15db4120f2b08c94f11e7d93d2c911ee118b6b30a04ec3ee8310179fa",
                "sha256:f864054d66fd9118f2e67044ac8981a54775ec5b67aed0441892edb553d21da5"
            ],
            "version": "==4.0.0"
        },
        "confluent-kafka": {
            "extras": [
                "avro"
            ],
            "hashes": [
                "sha256:11b9d863b5f8e4da24e0497dc527d0bc170f78e5e15b85f4e170946dd6e86247",
                "sha256:138eb1eb80a26eabbc00acf9d23d049132d2dbe262601ecd5d17c9078ce399e7",
                "sha256:240be96c88f09ea1b0767875db1b0b4a1f8dd7b68bb7e89fcf6dbab53fd7a620",
                "sha256:39a354e727d198fb0f644530d33867199d53e7e25384cf6518147897c46404ff",
                "sha256:39b6d05ec01ce98be583b890b2a80c23e3d752773f108f60b39fa6d8d54cfbca",
                "sha256:3f067b85ebc11f2f72367bd129e746ad32737f24cdd25cedf5780a643d36295b",
                "sha256:403cdca6bda6af5d32f66c4b8920b098c8912b3b703d4500fc15c375368aae22",
                "sha256:4bb577bb8ccb921857fda601b4282936d696f29ea825fafea237bb76b2f5707e",
                "sha256:4ec0fc40eea26d21586e09eea9046efc3f24df78911b14decf36f613568bfa7e",
                "sha256:54b101bfe4b073712cd2d4523ecda56138eb3737f4825dcf3575bb9183334774",
                "sha256:57f7a2570587fef85ef0a97c11f05ef2e9e9929fd752351974b75e2c8c65e585",
                "sha256:598ebb288d708d62d087b1736b51e98a6f5fa799db8da9f826197ee0744dfc70",
                "sha256:5bc72cafd9a857618b3ef1f851bc3c9e023182cd74ec3a711d0f335f31ae1803",
                "sha256:6e99142b37ea58274f42ddd40ecea46520d14cd40689e03ed2dfedb2863c127e",
                "sha256:74c68a1c6c63eaf4056e55b5162e9f56f26fbd872571660ab629195c63b92198",
                "sha256:79ec9c47ff2f76d5fcac9345b61d2e2cb6a659c96ac74cf0f78e424b06755822",
                "sha256:80ee541bf779a8bf38dee7b2014350459df527ed98cf68d1777f30e18d307d1e",
                "sha256:9b2493f898e044dcd222ef64ea8594352c2e229f6d150e6640d9aea15d206aef",
                "sha256:9fcf8f2952c265edfa11556add670d7f24f58a835a8d245d4b5bf9747adc1913",
                "sha256:a35e997cbaba4d28816b1d83255a65796faffbc39b00f414f8b9eb1c9d967a0f",
                "sha256:c58cf16770fb7fa2defab727c57a4cd4f03e083f6e7d7a4494c7bd42ed15ab37",
                "sha256:cc28538c6e8af7a75adaa68e1f5905ba60a7b24f2bcc239e0d4dc07dcfd72889",
                "sha256:d454a17697dafe422934fc917e5e905ebd4fb5c682d5bcffc261167748da6ffe",
                "sha256:f5b3e323714ecd824690c85cf8b06fcca47f7f2cdfe636184d8df23ae0e1f31a",
                "sha256:f8a505d22186f416cc8e4d6c7bbca862e961352d0fef2de870bfc841e071c072",
                "sha256:fe3617035bad6360bf50b52d140c904a772512fae95f12f769b4a8923a2f2e68"
            ],
            "index": "pypi",
            "version": "==1.4.0"
        },
        "dacite": {
            "hashes": [
                "sha256:6a871c818d53e7298135fda7856fdc871239d5dce0b8395427a46ff8e896aada",
                "sha256:ee76047e035260d1bebcd5d9fe81a8341aafe6137bac08883c4be12d1719b049"
            ],
            "index": "pypi",
            "version": "==1.4.0"
        },
        "dataclasses-avroschema": {
            "hashes": [
                "sha256:95002918e57a8c3ccf0ab95f6b2cb9d406d31b2c3457525a84d8852f334687fb"
            ],
            "index": "pypi",
            "version": "==0.10.0"
        },
        "fastavro": {
            "hashes": [
                "sha256:18ed93c24ba96ed0e6cacf50170805188cc53a5e50c40fc94316387a98aa497b",
                "sha256:237a741668316a2aadb14ba0532666a305dd14b4043aace89bcb0c6419c08162",
                "sha256:3e804c4fc9875314aa41901055941b199f87aeb1c880cc6fe3ad258fa08b24c6",
                "sha256:3f99237de0f853f083a0f9929f54155b408a5c4b04fcfa8c59e589aa853f2111",
                "sha256:453676a26e99f2f3af7f57c4236ceeee4e453ab7b9bd5f09e9c89bad5e572c78",
                "sha256:5bd8a134daff2ea5ef0d72a528ca42dfe6c01deac7103dedf77d1a55936a981e",
                "sha256:6d7d4032ecb28bef3dd41e8c91c986df351e3323f526c901d1cbb53425617756",
                "sha256:72c81690cef6ed9c87a146eaf9f608150bf78fd537a7e796780381b4a7baabb8",
                "sha256:741cd757b7789e6ab821a1de02c1e18dfada417e1cfccae3f20dc2aadd6654fc",
                "sha256:948e69da16f4bf20bea65805ea210d793eae55f5f24f8be2c4d18c2a773aaf7b",
                "sha256:a4b6c2b2d126bf6246bead79cba43e17f07a1b99a25ccceb315c6e75ab7c9d39",
                "sha256:a8c5df1aa6c29409bbfe571504e87bf23553c88083a83febb42a74ec0cabe2ba",
                "sha256:c298d2b2389049dfc6a06326a0a2f9809c7045e8cadb82b9e7e948fd32270547",
                "sha256:cad3ecbac1fe1d319c617ff01104639795020cb72faf7e30ebe802c1d60ec915"
            ],
            "version": "==1.4.1"
        },
        "idna": {
            "hashes": [
                "sha256:b307872f855b18632ce0c21c5e45be78c0ea7ae4c15c828c20788b26921eb3f6",
                "sha256:b97d804b1e9b523befed77c48dacec60e6dcb0b5391d57af6a65a312a90648c0"
            ],
            "version": "==2.10"
        },
        "inflect": {
            "hashes": [
                "sha256:4ded1b2a6fcf0fc0397419c7727f131a93b67b80d899f2973be7758628e12b73",
                "sha256:a82b671b043ddba98ea8b2cf000b31e8b41e9197b3151567239f3bbe215dab7e"
            ],
            "version": "==2.1.0"
        },
        "pyaml": {
            "hashes": [
                "sha256:29a5c2a68660a799103d6949167bd6c7953d031449d08802386372de1db6ad71",
                "sha256:67081749a82b72c45e5f7f812ee3a14a03b3f5c25ff36ec3b290514f8c4c4b99"
            ],
            "index": "pypi",
            "version": "==20.4.0"
        },
        "pyyaml": {
            "hashes": [
                "sha256:08682f6b72c722394747bddaf0aa62277e02557c0fd1c42cb853016a38f8dedf",
                "sha256:0f5f5786c0e09baddcd8b4b45f20a7b5d61a7e7e99846e3c799b05c7c53fa696",
                "sha256:129def1b7c1bf22faffd67b8f3724645203b79d8f4cc81f674654d9902cb4393",
                "sha256:294db365efa064d00b8d1ef65d8ea2c3426ac366c0c4368d930bf1c5fb497f77",
                "sha256:3b2b1824fe7112845700f815ff6a489360226a5609b96ec2190a45e62a9fc922",
                "sha256:3bd0e463264cf257d1ffd2e40223b197271046d09dadf73a0fe82b9c1fc385a5",
                "sha256:4465124ef1b18d9ace298060f4eccc64b0850899ac4ac53294547536533800c8",
                "sha256:49d4cdd9065b9b6e206d0595fee27a96b5dd22618e7520c33204a4a3239d5b10",
                "sha256:4e0583d24c881e14342eaf4ec5fbc97f934b999a6828693a99157fde912540cc",
                "sha256:5accb17103e43963b80e6f837831f38d314a0495500067cb25afab2e8d7a4018",
                "sha256:607774cbba28732bfa802b54baa7484215f530991055bb562efbed5b2f20a45e",
                "sha256:6c78645d400265a062508ae399b60b8c167bf003db364ecb26dcab2bda048253",
                "sha256:72a01f726a9c7851ca9bfad6fd09ca4e090a023c00945ea05ba1638c09dc3347",
                "sha256:74c1485f7707cf707a7aef42ef6322b8f97921bd89be2ab6317fd782c2d53183",
                "sha256:895f61ef02e8fed38159bb70f7e100e00f471eae2bc838cd0f4ebb21e28f8541",
                "sha256:8c1be557ee92a20f184922c7b6424e8ab6691788e6d86137c5d93c1a6ec1b8fb",
                "sha256:bb4191dfc9306777bc594117aee052446b3fa88737cd13b7188d0e7aa8162185",
                "sha256:bfb51918d4ff3d77c1c856a9699f8492c612cde32fd3bcd344af9be34999bfdc",
                "sha256:c20cfa2d49991c8b4147af39859b167664f2ad4561704ee74c1de03318e898db",
                "sha256:cb333c16912324fd5f769fff6bc5de372e9e7a202247b48870bc251ed40239aa",
                "sha256:d2d9808ea7b4af864f35ea216be506ecec180628aced0704e34aca0b040ffe46",
                "sha256:d483ad4e639292c90170eb6f7783ad19490e7a8defb3e46f97dfe4bacae89122",
                "sha256:dd5de0646207f053eb0d6c74ae45ba98c3395a571a2891858e87df7c9b9bd51b",
                "sha256:e1d4970ea66be07ae37a3c2e48b5ec63f7ba6804bdddfdbd3cfd954d25a82e63",
                "sha256:e4fac90784481d221a8e4b1162afa7c47ed953be40d31ab4629ae917510051df",
                "sha256:fa5ae20527d8e831e8230cbffd9f8fe952815b2b7dae6ffec25318803a7528fc",
                "sha256:fd7f6999a8070df521b6384004ef42833b9bd62cfee11a09bda1079b4b704247",
                "sha256:fdc842473cd33f45ff6bce46aea678a54e3d21f1b61a7750ce3c498eedfe25d6",
                "sha256:fe69978f3f768926cfa37b867e3843918e012cf83f680806599ddce33c2c68b0"
            ],
            "version": "==5.4.1"
        },
        "requests": {
            "hashes": [
                "sha256:27973dd4a904a4f13b263a19c866c13b92a39ed1c964655f025f3f8d3d75b804",
                "sha256:c210084e36a42ae6b9219e00e48287def368a26d03a048ddad7bfee44f75871e"
            ],
            "version": "==2.25.1"
        },
        "urllib3": {
            "hashes": [
                "sha256:753a0374df26658f99d826cfe40394a686d05985786d946fbe4165b5148f5a7c",
                "sha256:a7acd0977125325f516bda9735fa7142b909a8d01e8b2e4c8108d0984e6e0098"
            ],
            "index": "pypi",
            "version": "==1.26.5"
        }
    },
    "develop": {
        "appdirs": {
            "hashes": [
                "sha256:7d5d0167b2b1ba821647616af46a749d1c653740dd0d2415100fe26e27afdf41",
                "sha256:a841dacd6b99318a741b166adb07e19ee71a274450e68237b4650ca1055ab128"
            ],
            "version": "==1.4.4"
        },
        "attrs": {
            "hashes": [
                "sha256:149e90d6d8ac20db7a955ad60cf0e6881a3f20d37096140088356da6c716b0b1",
                "sha256:ef6aaac3ca6cd92904cdd0d83f629a15f18053ec84e6432106f7a4d04ae4f5fb"
            ],
            "version": "==21.2.0"
        },
        "distlib": {
            "hashes": [
                "sha256:106fef6dc37dd8c0e2c0a60d3fca3e77460a48907f335fa28420463a6f799736",
                "sha256:23e223426b28491b1ced97dc3bbe183027419dfc7982b4fa2f05d5f3ff10711c"
            ],
            "version": "==0.3.2"
        },
        "filelock": {
            "hashes": [
                "sha256:18d82244ee114f543149c66a6e0c14e9c4f8a1044b5cdaadd0f82159d6a6ff59",
                "sha256:929b7d63ec5b7d6b71b0fa5ac14e030b3f70b75747cef1b10da9b879fef15836"
            ],
            "version": "==3.0.12"
        },
        "importlib-metadata": {
            "hashes": [
                "sha256:90bb658cdbbf6d1735b6341ce708fc7024a3e14e99ffdc5783edea9f9b077f83",
                "sha256:dc15b2969b4ce36305c51eebe62d418ac7791e9a157911d58bfb1f9ccd8e2070"
            ],
            "markers": "python_version < '3.8'",
            "version": "==1.7.0"
        },
        "more-itertools": {
            "hashes": [
                "sha256:2cf89ec599962f2ddc4d568a05defc40e0a587fbc10d5989713638864c36be4d",
                "sha256:83f0308e05477c68f56ea3a888172c78ed5d5b3c282addb67508e7ba6c8f813a"
            ],
            "version": "==8.8.0"
        },
        "packaging": {
            "hashes": [
                "sha256:5b327ac1320dc863dca72f4514ecc086f31186744b84a230374cc1fd776feae5",
                "sha256:67714da7f7bc052e064859c05c595155bd1ee9f69f76557e21f051443c20947a"
            ],
            "version": "==20.9"
        },
        "pluggy": {
            "hashes": [
                "sha256:15b2acde666561e1298d71b523007ed7364de07029219b604cf808bfa1c765b0",
                "sha256:966c145cd83c96502c3c3868f50408687b38434af77734af1e9ca461a4081d2d"
            ],
            "version": "==0.13.1"
        },
        "py": {
            "hashes": [
                "sha256:21b81bda15b66ef5e1a777a21c4dcd9c20ad3efd0b3f817e7a809035269e1bd3",
                "sha256:3b80836aa6d1feeaa108e046da6423ab8f6ceda6468545ae8d02d9d58d18818a"
            ],
            "version": "==1.10.0"
        },
        "pyparsing": {
            "hashes": [
                "sha256:c203ec8783bf771a155b207279b9bccb8dea02d8f0c9e5f8ead507bc3246ecc1",
                "sha256:ef9d7589ef3c200abe66653d3f1ab1033c3c419ae9b9bdb1240a85b024efc88b"
            ],
            "version": "==2.4.7"
        },
        "pytest": {
            "hashes": [
                "sha256:0e5b30f5cb04e887b91b1ee519fa3d89049595f428c1db76e73bd7f17b09b172",
                "sha256:84dde37075b8805f3d1f392cc47e38a0e59518fb46a431cfdaf7cf1ce805f970"
            ],
            "index": "pypi",
            "version": "==5.4.1"
        },
        "six": {
            "hashes": [
                "sha256:1e61c37477a1626458e36f7b1d82aa5c9b094fa4802892072e49de9c60c4c926",
                "sha256:8abb2f1d86890a2dfb989f9a77cfcfd3e47c2a354b01111771326f8aa26e0254"
            ],
            "version": "==1.16.0"
        },
        "toml": {
            "hashes": [
                "sha256:806143ae5bfb6a3c6e736a764057db0e6a0e05e338b5630894a5f779cabb4f9b",
                "sha256:b3bda1d108d5dd99f4a20d24d9c348e91c4db7ab1b749200bded2f839ccbe68f"
            ],
            "version": "==0.10.2"
        },
        "tox": {
            "hashes": [
                "sha256:a4a6689045d93c208d77230853b28058b7513f5123647b67bf012f82fa168303",
                "sha256:b2c4b91c975ea5c11463d9ca00bebf82654439c5df0f614807b9bdec62cc9471"
            ],
            "index": "pypi",
            "version": "==3.14.6"
        },
        "virtualenv": {
            "hashes": [
                "sha256:14fdf849f80dbb29a4eb6caa9875d476ee2a5cf76a5f5415fa2f1606010ab467",
                "sha256:2b0126166ea7c9c3661f5b8e06773d28f83322de7a3ff7d06f0aed18c9de6a76"
            ],
            "version": "==20.4.7"
        },
        "wcwidth": {
            "hashes": [
                "sha256:beb4802a9cebb9144e99086eff703a642a13d6a0052920003a230f3294bbe784",
                "sha256:c4d647b99872929fdb7bdcaa4fbe7f01413ed3d98077df798530e5b04f116c83"
            ],
            "version": "==0.2.5"
        },
        "zipp": {
            "hashes": [
                "sha256:3607921face881ba3e026887d8150cca609d517579abe052ac81fc5aeffdbd76",
                "sha256:51cb66cc54621609dd593d1787f286ee42a5c0adbb4b29abea5a63edc3e03098"
            ],
            "version": "==3.4.1"
        }
    }
}
